// !$*UTF8*$!
{
	archiveVersion = 1;
	classes = {
	};
	objectVersion = 55;
	objects = {

/* Begin PBXBuildFile section */
		FEC4D68A270FEEA400652BFA /* Christina_MyOrderApp.swift in Sources */ = {isa = PBXBuildFile; fileRef = FEC4D689270FEEA400652BFA /* Christina_MyOrderApp.swift */; };
		FEC4D68C270FEEA400652BFA /* ContentView.swift in Sources */ = {isa = PBXBuildFile; fileRef = FEC4D68B270FEEA400652BFA /* ContentView.swift */; };
		FEC4D68E270FEEA800652BFA /* Assets.xcassets in Resources */ = {isa = PBXBuildFile; fileRef = FEC4D68D270FEEA800652BFA /* Assets.xcassets */; };
		FEC4D691270FEEA800652BFA /* Preview Assets.xcassets in Resources */ = {isa = PBXBuildFile; fileRef = FEC4D690270FEEA800652BFA /* Preview Assets.xcassets */; };
		FEC4D693270FEEA800652BFA /* Persistence.swift in Sources */ = {isa = PBXBuildFile; fileRef = FEC4D692270FEEA800652BFA /* Persistence.swift */; };
		FEC4D696270FEEA800652BFA /* Christina_MyOrder.xcdatamodeld in Sources */ = {isa = PBXBuildFile; fileRef = FEC4D694270FEEA800652BFA /* Christina_MyOrder.xcdatamodeld */; };
/* End PBXBuildFile section */

/* Begin PBXFileReference section */
		FEC4D686270FEEA400652BFA /* Christina_MyOrder.app */ = {isa = PBXFileReference; explicitFileType = wrapper.application; includeInIndex = 0; path = Christina_MyOrder.app; sourceTree = BUILT_PRODUCTS_DIR; };
		FEC4D689270FEEA400652BFA /* Christina_MyOrderApp.swift */ = {isa = PBXFileReference; lastKnownFileType = sourcecode.swift; path = Christina_MyOrderApp.swift; sourceTree = "<group>"; };
		FEC4D68B270FEEA400652BFA /* ContentView.swift */ = {isa = PBXFileReference; lastKnownFileType = sourcecode.swift; path = ContentView.swift; sourceTree = "<group>"; };
		FEC4D68D270FEEA800652BFA /* Assets.xcassets */ = {isa = PBXFileReference; lastKnownFileType = folder.assetcatalog; path = Assets.xcassets; sourceTree = "<group>"; };
		FEC4D690270FEEA800652BFA /* Preview Assets.xcassets */ = {isa = PBXFileReference; lastKnownFileType = folder.assetcatalog; path = "Preview Assets.xcassets"; sourceTree = "<group>"; };
		FEC4D692270FEEA800652BFA /* Persistence.swift */ = {isa = PBXFileReference; lastKnownFileType = sourcecode.swift; path = Persistence.swift; sourceTree = "<group>"; };
		FEC4D695270FEEA800652BFA /* Christina_MyOrder.xcdatamodel */ = {isa = PBXFileReference; lastKnownFileType = wrapper.xcdatamodel; path = Christina_MyOrder.xcdatamodel; sourceTree = "<group>"; };
/* End PBXFileReference section */

/* Begin PBXFrameworksBuildPhase section */
		FEC4D683270FEEA400652BFA /* Frameworks */ = {
			isa = PBXFrameworksBuildPhase;
			buildActionMask = 2147483647;
			files = (
			);
			runOnlyForDeploymentPostprocessing = 0;
		};
/* End PBXFrameworksBuildPhase section */

/* Begin PBXGroup section */
		FEC4D67D270FEEA400652BFA = {
			isa = PBXGroup;
			children = (
				FEC4D688270FEEA400652BFA /* Christina_MyOrder */,
				FEC4D687270FEEA400652BFA /* Products */,
			);
			sourceTree = "<group>";
		};
		FEC4D687270FEEA400652BFA /* Products */ = {
			isa = PBXGroup;
			children = (
				FEC4D686270FEEA400652BFA /* Christina_MyOrder.app */,
			);
			name = Products;
			sourceTree = "<group>";
		};
		FEC4D688270FEEA400652BFA /* Christina_MyOrder */ = {
			isa = PBXGroup;
			children = (
				FEC4D69C270FEF8600652BFA /* Views */,
				FEC4D69D270FEF8B00652BFA /* Models */,
				FEC4D69E270FEF9300652BFA /* Helper */,
				FEC4D689270FEEA400652BFA /* Christina_MyOrderApp.swift */,
				FEC4D692270FEEA800652BFA /* Persistence.swift */,
				FEC4D68D270FEEA800652BFA /* Assets.xcassets */,
				FEC4D68F270FEEA800652BFA /* Preview Content */,
			);
			path = Christina_MyOrder;
			sourceTree = "<group>";
		};
		FEC4D68F270FEEA800652BFA /* Preview Content */ = {
			isa = PBXGroup;
			children = (
				FEC4D690270FEEA800652BFA /* Preview Assets.xcassets */,
			);
			path = "Preview Content";
			sourceTree = "<group>";
		};
		FEC4D69C270FEF8600652BFA /* Views */ = {
			isa = PBXGroup;
			children = (
				FEC4D68B270FEEA400652BFA /* ContentView.swift */,
			);
			path = Views;
			sourceTree = "<group>";
		};
		FEC4D69D270FEF8B00652BFA /* Models */ = {
			isa = PBXGroup;
			children = (
				FEC4D694270FEEA800652BFA /* Christina_MyOrder.xcdatamodeld */,
			);
			path = Models;
			sourceTree = "<group>";
		};
		FEC4D69E270FEF9300652BFA /* Helper */ = {
			isa = PBXGroup;
			children = (
			);
			path = Helper;
			sourceTree = "<group>";
		};
/* End PBXGroup section */

/* Begin PBXNativeTarget section */
		FEC4D685270FEEA400652BFA /* Christina_MyOrder */ = {
			isa = PBXNativeTarget;
			buildConfigurationList = FEC4D699270FEEA800652BFA /* Build configuration list for PBXNativeTarget "Christina_MyOrder" */;
			buildPhases = (
				FEC4D682270FEEA400652BFA /* Sources */,
				FEC4D683270FEEA400652BFA /* Frameworks */,
				FEC4D684270FEEA400652BFA /* Resources */,
			);
			buildRules = (
			);
			dependencies = (
			);
			name = Christina_MyOrder;
			productName = Christina_MyOrder;
			productReference = FEC4D686270FEEA400652BFA /* Christina_MyOrder.app */;
			productType = "com.apple.product-type.application";
		};
/* End PBXNativeTarget section */

/* Begin PBXProject section */
		FEC4D67E270FEEA400652BFA /* Project object */ = {
			isa = PBXProject;
			attributes = {
				BuildIndependentTargetsInParallel = 1;
				LastSwiftUpdateCheck = 1300;
				LastUpgradeCheck = 1300;
				TargetAttributes = {
					FEC4D685270FEEA400652BFA = {
						CreatedOnToolsVersion = 13.0;
					};
				};
			};
			buildConfigurationList = FEC4D681270FEEA400652BFA /* Build configuration list for PBXProject "Christina_MyOrder" */;
			compatibilityVersion = "Xcode 13.0";
			developmentRegion = en;
			hasScannedForEncodings = 0;
			knownRegions = (
				en,
				Base,
			);
			mainGroup = FEC4D67D270FEEA400652BFA;
			productRefGroup = FEC4D687270FEEA400652BFA /* Products */;
			projectDirPath = "";
			projectRoot = "";
			targets = (
				FEC4D685270FEEA400652BFA /* Christina_MyOrder */,
			);
		};
/* End PBXProject section */

/* Begin PBXResourcesBuildPhase section */
		FEC4D684270FEEA400652BFA /* Resources */ = {
			isa = PBXResourcesBuildPhase;
			buildActionMask = 2147483647;
			files = (
				FEC4D691270FEEA800652BFA /* Preview Assets.xcassets in Resources */,
				FEC4D68E270FEEA800652BFA /* Assets.xcassets in Resources */,
			);
			runOnlyForDeploymentPostprocessing = 0;
		};
/* End PBXResourcesBuildPhase section */

/* Begin PBXSourcesBuildPhase section */
		FEC4D682270FEEA400652BFA /* Sources */ = {
			isa = PBXSourcesBuildPhase;
			buildActionMask = 2147483647;
			files = (
				FEC4D696270FEEA800652BFA /* Christina_MyOrder.xcdatamodeld in Sources */,
				FEC4D693270FEEA800652BFA /* Persistence.swift in Sources */,
				FEC4D68C270FEEA400652BFA /* ContentView.swift in Sources */,
				FEC4D68A270FEEA400652BFA /* Christina_MyOrderApp.swift in Sources */,
			);
			runOnlyForDeploymentPostprocessing = 0;
		};
/* End PBXSourcesBuildPhase section */

/* Begin XCBuildConfiguration section */
		FEC4D697270FEEA800652BFA /* Debug */ = {
			isa = XCBuildConfiguration;
			buildSettings = {
				ALWAYS_SEARCH_USER_PATHS = NO;
				CLANG_ANALYZER_NONNULL = YES;
				CLANG_ANALYZER_NUMBER_OBJECT_CONVERSION = YES_AGGRESSIVE;
				CLANG_CXX_LANGUAGE_STANDARD = "gnu++17";
				CLANG_CXX_LIBRARY = "libc++";
				CLANG_ENABLE_MODULES = YES;
				CLANG_ENABLE_OBJC_ARC = YES;
				CLANG_ENABLE_OBJC_WEAK = YES;
				CLANG_WARN_BLOCK_CAPTURE_AUTORELEASING = YES;
				CLANG_WARN_BOOL_CONVERSION = YES;
				CLANG_WARN_COMMA = YES;
				CLANG_WARN_CONSTANT_CONVERSION = YES;
				CLANG_WARN_DEPRECATED_OBJC_IMPLEMENTATIONS = YES;
				CLANG_WARN_DIRECT_OBJC_ISA_USAGE = YES_ERROR;
				CLANG_WARN_DOCUMENTATION_COMMENTS = YES;
				CLANG_WARN_EMPTY_BODY = YES;
				CLANG_WARN_ENUM_CONVERSION = YES;
				CLANG_WARN_INFINITE_RECURSION = YES;
				CLANG_WARN_INT_CONVERSION = YES;
				CLANG_WARN_NON_LITERAL_NULL_CONVERSION = YES;
				CLANG_WARN_OBJC_IMPLICIT_RETAIN_SELF = YES;
				CLANG_WARN_OBJC_LITERAL_CONVERSION = YES;
				CLANG_WARN_OBJC_ROOT_CLASS = YES_ERROR;
				CLANG_WARN_QUOTED_INCLUDE_IN_FRAMEWORK_HEADER = YES;
				CLANG_WARN_RANGE_LOOP_ANALYSIS = YES;
				CLANG_WARN_STRICT_PROTOTYPES = YES;
				CLANG_WARN_SUSPICIOUS_MOVE = YES;
				CLANG_WARN_UNGUARDED_AVAILABILITY = YES_AGGRESSIVE;
				CLANG_WARN_UNREACHABLE_CODE = YES;
				CLANG_WARN__DUPLICATE_METHOD_MATCH = YES;
				COPY_PHASE_STRIP = NO;
				DEBUG_INFORMATION_FORMAT = dwarf;
				ENABLE_STRICT_OBJC_MSGSEND = YES;
				ENABLE_TESTABILITY = YES;
				GCC_C_LANGUAGE_STANDARD = gnu11;
				GCC_DYNAMIC_NO_PIC = NO;
				GCC_NO_COMMON_BLOCKS = YES;
				GCC_OPTIMIZATION_LEVEL = 0;
				GCC_PREPROCESSOR_DEFINITIONS = (
					"DEBUG=1",
					"$(inherited)",
				);
				GCC_WARN_64_TO_32_BIT_CONVERSION = YES;
				GCC_WARN_ABOUT_RETURN_TYPE = YES_ERROR;
				GCC_WARN_UNDECLARED_SELECTOR = YES;
				GCC_WARN_UNINITIALIZED_AUTOS = YES_AGGRESSIVE;
				GCC_WARN_UNUSED_FUNCTION = YES;
				GCC_WARN_UNUSED_VARIABLE = YES;
				IPHONEOS_DEPLOYMENT_TARGET = 15.0;
				MTL_ENABLE_DEBUG_INFO = INCLUDE_SOURCE;
				MTL_FAST_MATH = YES;
				ONLY_ACTIVE_ARCH = YES;
				SDKROOT = iphoneos;
				SWIFT_ACTIVE_COMPILATION_CONDITIONS = DEBUG;
				SWIFT_OPTIMIZATION_LEVEL = "-Onone";
			};
			name = Debug;
		};
		FEC4D698270FEEA800652BFA /* Release */ = {
			isa = XCBuildConfiguration;
			buildSettings = {
				ALWAYS_SEARCH_USER_PATHS = NO;
				CLANG_ANALYZER_NONNULL = YES;
				CLANG_ANALYZER_NUMBER_OBJECT_CONVERSION = YES_AGGRESSIVE;
				CLANG_CXX_LANGUAGE_STANDARD = "gnu++17";
				CLANG_CXX_LIBRARY = "libc++";
				CLANG_ENABLE_MODULES = YES;
				CLANG_ENABLE_OBJC_ARC = YES;
				CLANG_ENABLE_OBJC_WEAK = YES;
				CLANG_WARN_BLOCK_CAPTURE_AUTORELEASING = YES;
				CLANG_WARN_BOOL_CONVERSION = YES;
				CLANG_WARN_COMMA = YES;
				CLANG_WARN_CONSTANT_CONVERSION = YES;
				CLANG_WARN_DEPRECATED_OBJC_IMPLEMENTATIONS = YES;
				CLANG_WARN_DIRECT_OBJC_ISA_USAGE = YES_ERROR;
				CLANG_WARN_DOCUMENTATION_COMMENTS = YES;
				CLANG_WARN_EMPTY_BODY = YES;
				CLANG_WARN_ENUM_CONVERSION = YES;
				CLANG_WARN_INFINITE_RECURSION = YES;
				CLANG_WARN_INT_CONVERSION = YES;
				CLANG_WARN_NON_LITERAL_NULL_CONVERSION = YES;
				CLANG_WARN_OBJC_IMPLICIT_RETAIN_SELF = YES;
				CLANG_WARN_OBJC_LITERAL_CONVERSION = YES;
				CLANG_WARN_OBJC_ROOT_CLASS = YES_ERROR;
				CLANG_WARN_QUOTED_INCLUDE_IN_FRAMEWORK_HEADER = YES;
				CLANG_WARN_RANGE_LOOP_ANALYSIS = YES;
				CLANG_WARN_STRICT_PROTOTYPES = YES;
				CLANG_WARN_SUSPICIOUS_MOVE = YES;
				CLANG_WARN_UNGUARDED_AVAILABILITY = YES_AGGRESSIVE;
				CLANG_WARN_UNREACHABLE_CODE = YES;
				CLANG_WARN__DUPLICATE_METHOD_MATCH = YES;
				COPY_PHASE_STRIP = NO;
				DEBUG_INFORMATION_FORMAT = "dwarf-with-dsym";
				ENABLE_NS_ASSERTIONS = NO;
				ENABLE_STRICT_OBJC_MSGSEND = YES;
				GCC_C_LANGUAGE_STANDARD = gnu11;
				GCC_NO_COMMON_BLOCKS = YES;
				GCC_WARN_64_TO_32_BIT_CONVERSION = YES;
				GCC_WARN_ABOUT_RETURN_TYPE = YES_ERROR;
				GCC_WARN_UNDECLARED_SELECTOR = YES;
				GCC_WARN_UNINITIALIZED_AUTOS = YES_AGGRESSIVE;
				GCC_WARN_UNUSED_FUNCTION = YES;
				GCC_WARN_UNUSED_VARIABLE = YES;
				IPHONEOS_DEPLOYMENT_TARGET = 15.0;
				MTL_ENABLE_DEBUG_INFO = NO;
				MTL_FAST_MATH = YES;
				SDKROOT = iphoneos;
				SWIFT_COMPILATION_MODE = wholemodule;
				SWIFT_OPTIMIZATION_LEVEL = "-O";
				VALIDATE_PRODUCT = YES;
			};
			name = Release;
		};
		FEC4D69A270FEEA800652BFA /* Debug */ = {
			isa = XCBuildConfiguration;
			buildSettings = {
				ASSETCATALOG_COMPILER_APPICON_NAME = AppIcon;
				ASSETCATALOG_COMPILER_GLOBAL_ACCENT_COLOR_NAME = AccentColor;
				CODE_SIGN_STYLE = Automatic;
				CURRENT_PROJECT_VERSION = 1;
				DEVELOPMENT_ASSET_PATHS = "\"Christina_MyOrder/Preview Content\"";
				DEVELOPMENT_TEAM = H39M57Q96Z;
				ENABLE_PREVIEWS = YES;
				GENERATE_INFOPLIST_FILE = YES;
				INFOPLIST_KEY_UIApplicationSceneManifest_Generation = YES;
				INFOPLIST_KEY_UIApplicationSupportsIndirectInputEvents = YES;
				INFOPLIST_KEY_UILaunchScreen_Generation = YES;
				INFOPLIST_KEY_UISupportedInterfaceOrientations_iPad = "UIInterfaceOrientationPortrait UIInterfaceOrientationPortraitUpsideDown UIInterfaceOrientationLandscapeLeft UIInterfaceOrientationLandscapeRight";
				INFOPLIST_KEY_UISupportedInterfaceOrientations_iPhone = "UIInterfaceOrientationPortrait UIInterfaceOrientationLandscapeLeft UIInterfaceOrientationLandscapeRight";
				IPHONEOS_DEPLOYMENT_TARGET = 14.0;
				LD_RUNPATH_SEARCH_PATHS = (
					"$(inherited)",
					"@executable_path/Frameworks",
				);
				MARKETING_VERSION = 1.0;
				PRODUCT_BUNDLE_IDENTIFIER = "com.ChristinaZammit.Christina-MyOrder";
				PRODUCT_NAME = "$(TARGET_NAME)";
				SWIFT_EMIT_LOC_STRINGS = YES;
				SWIFT_VERSION = 5.0;
				TARGETED_DEVICE_FAMILY = "1,2";
			};
			name = Debug;
		};
		FEC4D69B270FEEA800652BFA /* Release */ = {
			isa = XCBuildConfiguration;
			buildSettings = {
				ASSETCATALOG_COMPILER_APPICON_NAME = AppIcon;
				ASSETCATALOG_COMPILER_GLOBAL_ACCENT_COLOR_NAME = AccentColor;
				CODE_SIGN_STYLE = Automatic;
				CURRENT_PROJECT_VERSION = 1;
				DEVELOPMENT_ASSET_PATHS = "\"Christina_MyOrder/Preview Content\"";
				DEVELOPMENT_TEAM = H39M57Q96Z;
				ENABLE_PREVIEWS = YES;
				GENERATE_INFOPLIST_FILE = YES;
				INFOPLIST_KEY_UIApplicationSceneManifest_Generation = YES;
				INFOPLIST_KEY_UIApplicationSupportsIndirectInputEvents = YES;
				INFOPLIST_KEY_UILaunchScreen_Generation = YES;
				INFOPLIST_KEY_UISupportedInterfaceOrientations_iPad = "UIInterfaceOrientationPortrait UIInterfaceOrientationPortraitUpsideDown UIInterfaceOrientationLandscapeLeft UIInterfaceOrientationLandscapeRight";
				INFOPLIST_KEY_UISupportedInterfaceOrientations_iPhone = "UIInterfaceOrientationPortrait UIInterfaceOrientationLandscapeLeft UIInterfaceOrientationLandscapeRight";
				IPHONEOS_DEPLOYMENT_TARGET = 14.0;
				LD_RUNPATH_SEARCH_PATHS = (
					"$(inherited)",
					"@executable_path/Frameworks",
				);
				MARKETING_VERSION = 1.0;
				PRODUCT_BUNDLE_IDENTIFIER = "com.ChristinaZammit.Christina-MyOrder";
				PRODUCT_NAME = "$(TARGET_NAME)";
				SWIFT_EMIT_LOC_STRINGS = YES;
				SWIFT_VERSION = 5.0;
				TARGETED_DEVICE_FAMILY = "1,2";
			};
			name = Release;
		};
/* End XCBuildConfiguration section */

/* Begin XCConfigurationList section */
		FEC4D681270FEEA400652BFA /* Build configuration list for PBXProject "Christina_MyOrder" */ = {
			isa = XCConfigurationList;
			buildConfigurations = (
				FEC4D697270FEEA800652BFA /* Debug */,
				FEC4D698270FEEA800652BFA /* Release */,
			);
			defaultConfigurationIsVisible = 0;
			defaultConfigurationName = Release;
		};
		FEC4D699270FEEA800652BFA /* Build configuration list for PBXNativeTarget "Christina_MyOrder" */ = {
			isa = XCConfigurationList;
			buildConfigurations = (
				FEC4D69A270FEEA800652BFA /* Debug */,
				FEC4D69B270FEEA800652BFA /* Release */,
			);
			defaultConfigurationIsVisible = 0;
			defaultConfigurationName = Release;
		};
/* End XCConfigurationList section */

/* Begin XCVersionGroup section */
		FEC4D694270FEEA800652BFA /* Christina_MyOrder.xcdatamodeld */ = {
			isa = XCVersionGroup;
			children = (
				FEC4D695270FEEA800652BFA /* Christina_MyOrder.xcdatamodel */,
			);
			currentVersion = FEC4D695270FEEA800652BFA /* Christina_MyOrder.xcdatamodel */;
			path = Christina_MyOrder.xcdatamodeld;
			sourceTree = "<group>";
			versionGroupType = wrapper.xcdatamodel;
		};
/* End XCVersionGroup section */
	};
	rootObject = FEC4D67E270FEEA400652BFA /* Project object */;
}
